
Microsoft Visual Studio Solution File, Format Version 12.00
# Visual Studio Version 16
VisualStudioVersion = 25.0.1700.0
MinimumVisualStudioVersion = 10.0.40219.1
Project("{FAE04EC0-301F-11D3-BF4B-00C04F79EFBC}") = "UseJavaBinding", "UseJavaBinding.csproj", "{8E056D9D-4392-4849-82FE-54648467354D}"
EndProject
Global
	GlobalSection(SolutionConfigurationPlatforms) = preSolution
		Debug|Any CPU = Debug|Any CPU
		Release|Any CPU = Release|Any CPU
	EndGlobalSection
	GlobalSection(ProjectConfigurationPlatforms) = postSolution
		{8E056D9D-4392-4849-82FE-54648467354D}.Debug|Any CPU.ActiveCfg = Debug|Any CPU
		{8E056D9D-4392-4849-82FE-54648467354D}.Debug|Any CPU.Build.0 = Debug|Any CPU
		{8E056D9D-4392-4849-82FE-54648467354D}.Release|Any CPU.ActiveCfg = Release|Any CPU
		{8E056D9D-4392-4849-82FE-54648467354D}.Release|Any CPU.Build.0 = Release|Any CPU
	EndGlobalSection
	GlobalSection(SolutionProperties) = preSolution
		HideSolutionNode = FALSE
	EndGlobalSection
	GlobalSection(ExtensibilityGlobals) = postSolution
		SolutionGuid = {61EE718F-524A-41EF-8155-A88F5B7FEBD2}
	EndGlobalSection
EndGlobal
