
Microsoft Visual Studio Solution File, Format Version 12.00
# Visual Studio Version 16
VisualStudioVersion = 25.0.1700.0
MinimumVisualStudioVersion = 10.0.40219.1
Project("{FAE04EC0-301F-11D3-BF4B-00C04F79EFBC}") = "JavaBinding", "JavaBinding.csproj", "{9E62BECB-FC34-47FB-BA6C-87A53F239E14}"
EndProject
Project("{FAE04EC0-301F-11D3-BF4B-00C04F79EFBC}") = "NET6JavaBinding", "..\NET6JavaBinding\NET6JavaBinding.csproj", "{F2B7D39B-234A-4F21-9B86-9203D28F6FD1}"
EndProject
Project("{FAE04EC0-301F-11D3-BF4B-00C04F79EFBC}") = "UseJavaBinding", "..\UseJavaBinding\UseJavaBinding.csproj", "{B6A56DAF-F787-447D-AADA-96621C641721}"
EndProject
Project("{FAE04EC0-301F-11D3-BF4B-00C04F79EFBC}") = "UseNET6JavaBinding", "..\UseNET6JavaBinding\UseNET6JavaBinding.csproj", "{020A625E-D1E2-45A8-A817-4748010465F5}"
EndProject
Global
	GlobalSection(SolutionConfigurationPlatforms) = preSolution
		Debug|Any CPU = Debug|Any CPU
		Release|Any CPU = Release|Any CPU
	EndGlobalSection
	GlobalSection(ProjectConfigurationPlatforms) = postSolution
		{9E62BECB-FC34-47FB-BA6C-87A53F239E14}.Debug|Any CPU.ActiveCfg = Debug|Any CPU
		{9E62BECB-FC34-47FB-BA6C-87A53F239E14}.Debug|Any CPU.Build.0 = Debug|Any CPU
		{9E62BECB-FC34-47FB-BA6C-87A53F239E14}.Release|Any CPU.ActiveCfg = Release|Any CPU
		{9E62BECB-FC34-47FB-BA6C-87A53F239E14}.Release|Any CPU.Build.0 = Release|Any CPU
		{F2B7D39B-234A-4F21-9B86-9203D28F6FD1}.Debug|Any CPU.ActiveCfg = Debug|Any CPU
		{F2B7D39B-234A-4F21-9B86-9203D28F6FD1}.Debug|Any CPU.Build.0 = Debug|Any CPU
		{F2B7D39B-234A-4F21-9B86-9203D28F6FD1}.Release|Any CPU.ActiveCfg = Release|Any CPU
		{F2B7D39B-234A-4F21-9B86-9203D28F6FD1}.Release|Any CPU.Build.0 = Release|Any CPU
		{B6A56DAF-F787-447D-AADA-96621C641721}.Debug|Any CPU.ActiveCfg = Debug|Any CPU
		{B6A56DAF-F787-447D-AADA-96621C641721}.Debug|Any CPU.Build.0 = Debug|Any CPU
		{B6A56DAF-F787-447D-AADA-96621C641721}.Release|Any CPU.ActiveCfg = Release|Any CPU
		{B6A56DAF-F787-447D-AADA-96621C641721}.Release|Any CPU.Build.0 = Release|Any CPU
		{020A625E-D1E2-45A8-A817-4748010465F5}.Debug|Any CPU.ActiveCfg = Debug|Any CPU
		{020A625E-D1E2-45A8-A817-4748010465F5}.Debug|Any CPU.Build.0 = Debug|Any CPU
		{020A625E-D1E2-45A8-A817-4748010465F5}.Release|Any CPU.ActiveCfg = Release|Any CPU
		{020A625E-D1E2-45A8-A817-4748010465F5}.Release|Any CPU.Build.0 = Release|Any CPU
	EndGlobalSection
	GlobalSection(SolutionProperties) = preSolution
		HideSolutionNode = FALSE
	EndGlobalSection
	GlobalSection(ExtensibilityGlobals) = postSolution
		SolutionGuid = {A9C2DEDC-A1CA-475A-A97B-C0669422ECB0}
	EndGlobalSection
EndGlobal
